{
  "name": "learning_journey",
  "lockfileVersion": 3,
  "requires": true,
  "packages": {
    "": {
      "devDependencies": {
        "retypeapp": "^4.5.3"
      }
    },
    "node_modules/retypeapp": {
      "version": "4.5.3",
      "resolved": "https://registry.npmjs.org/retypeapp/-/retypeapp-4.5.3.tgz",
      "integrity": "sha512-czRqyyhIsca/Uj7oHUU0xneUASuxu83JLaa4N/gsYpVASKq6JowOpKYvCFnkqsErjRXXEAV61cRICGlvPr3DdQ==",
      "dev": true,
      "license": "See LICENSE IN LICENSE",
      "bin": {
        "retype": "retype.js"
      },
      "optionalDependencies": {
        "retypeapp-darwin-arm64": "4.5.3",
        "retypeapp-darwin-x64": "4.5.3",
        "retypeapp-linux-arm64": "4.5.3",
        "retypeapp-linux-x64": "4.5.3",
        "retypeapp-win-x64": "4.5.3",
        "retypeapp-win-x86": "4.5.3"
      }
    },
    "node_modules/retypeapp-darwin-arm64": {
      "version": "4.5.3",
      "resolved": "https://registry.npmjs.org/retypeapp-darwin-arm64/-/retypeapp-darwin-arm64-4.5.3.tgz",
      "integrity": "sha512-zWzS3MWtbz+0ezz0yRBicooTxWNs32CwwE7iL69P2l8QywZytC7mPJHw96tgCToJVNK60FgiqxCN3opMyZXK/g==",
      "cpu": [
        "arm64"
      ],
      "dev": true,
      "license": "See LICENSE IN LICENSE",
      "optional": true,
      "os": [
        "darwin"
      ],
      "bin": {
        "retype": "retype.js"
      }
    },
    "node_modules/retypeapp-darwin-x64": {
      "version": "4.5.3",
      "resolved": "https://registry.npmjs.org/retypeapp-darwin-x64/-/retypeapp-darwin-x64-4.5.3.tgz",
      "integrity": "sha512-oHPQMPgb+5KWFEZqxS+kiZ1dEO4CMJMClG41zuaD7CO6TVvZJuWoT5uVG0kHuJrqIb4UseOYAEMlYeiHAfE/VA==",
      "cpu": [
        "x64"
      ],
      "dev": true,
      "license": "See LICENSE IN LICENSE",
      "optional": true,
      "os": [
        "darwin"
      ],
      "bin": {
        "retype": "retype.js"
      }
    },
    "node_modules/retypeapp-linux-arm64": {
      "version": "4.5.3",
      "resolved": "https://registry.npmjs.org/retypeapp-linux-arm64/-/retypeapp-linux-arm64-4.5.3.tgz",
      "integrity": "sha512-e17dyJjESa548q2BkQHlP8FE6wlPj7nLKrfCCOOUkDO2YNMmpalcnBJznY4IvcYIFesGAYyctVea/JAMnym99g==",
      "cpu": [
        "arm64"
      ],
      "dev": true,
      "license": "See LICENSE IN LICENSE",
      "optional": true,
      "os": [
        "linux"
      ],
      "bin": {
        "retype": "retype.js"
      }
    },
    "node_modules/retypeapp-linux-x64": {
      "version": "4.5.3",
      "resolved": "https://registry.npmjs.org/retypeapp-linux-x64/-/retypeapp-linux-x64-4.5.3.tgz",
      "integrity": "sha512-vpfm24b1a67zkuyhK5KLOfgGEtYGdJ2sapBArzFEVXgrn2qIm4fAsrLqN1lm34dAD0CyrVY7Hlu2iUeSAseOCQ==",
      "cpu": [
        "x64"
      ],
      "dev": true,
      "license": "See LICENSE IN LICENSE",
      "optional": true,
      "os": [
        "linux"
      ],
      "bin": {
        "retype": "retype.js"
      }
    },
    "node_modules/retypeapp-win-x64": {
      "version": "4.5.3",
      "resolved": "https://registry.npmjs.org/retypeapp-win-x64/-/retypeapp-win-x64-4.5.3.tgz",
      "integrity": "sha512-2u/ISeBMxqg4IRJhkvBAFcQRWZzjXg+cIC9muLDnXgDwRhLfgsQ4NX+fvTvE25R94g87wCs9rUgzaKcamr6XWw==",
      "cpu": [
        "x64"
      ],
      "dev": true,
      "license": "See LICENSE IN LICENSE",
      "optional": true,
      "os": [
        "win32"
      ],
      "bin": {
        "retype": "retype.js"
      }
    },
    "node_modules/retypeapp-win-x86": {
      "version": "4.5.3",
      "resolved": "https://registry.npmjs.org/retypeapp-win-x86/-/retypeapp-win-x86-4.5.3.tgz",
      "integrity": "sha512-x6oPkYZ2rHagQEtjbZRcRx+Us9Mu9JOhXGrFVw33OEe4TynuFiUTzH6wDX8qbj7OmENSK3Z5CBBLAskabENNeQ==",
      "cpu": [
        "ia32"
      ],
      "dev": true,
      "license": "See LICENSE IN LICENSE",
      "optional": true,
      "os": [
        "win32"
      ],
      "bin": {
        "retype": "retype.js"
      }
    }
  }
}
